<Solution>
  <Project Path="ieraduma_test_console_project/ieraduma_test_console_project.csproj" />
  <Project Path="ieradumu_class_project/ieradumu_class_project.csproj" />
  <Project Path="shared_data_model_project/shared_data_model_project.csproj" Id="719ab125-3a26-4d1a-98fd-d1cdf4d44416" />
</Solution>
